
Microsoft Visual Studio Solution File, Format Version 12.00
# Visual Studio Version 17
VisualStudioVersion = 17.11.35219.272
MinimumVisualStudioVersion = 10.0.40219.1
Project("{FAE04EC0-301F-11D3-BF4B-00C04F79EFBC}") = "ConsoleApp1", "ConsoleApp1.csproj", "{F47379A1-0FEF-4A9E-8DAA-33B3E2313344}"
EndProject
Global
	GlobalSection(SolutionConfigurationPlatforms) = preSolution
		Debug|Any CPU = Debug|Any CPU
		Release|Any CPU = Release|Any CPU
	EndGlobalSection
	GlobalSection(ProjectConfigurationPlatforms) = postSolution
		{F47379A1-0FEF-4A9E-8DAA-33B3E2313344}.Debug|Any CPU.ActiveCfg = Debug|Any CPU
		{F47379A1-0FEF-4A9E-8DAA-33B3E2313344}.Debug|Any CPU.Build.0 = Debug|Any CPU
		{F47379A1-0FEF-4A9E-8DAA-33B3E2313344}.Release|Any CPU.ActiveCfg = Release|Any CPU
		{F47379A1-0FEF-4A9E-8DAA-33B3E2313344}.Release|Any CPU.Build.0 = Release|Any CPU
	EndGlobalSection
	GlobalSection(SolutionProperties) = preSolution
		HideSolutionNode = FALSE
	EndGlobalSection
	GlobalSection(ExtensibilityGlobals) = postSolution
		SolutionGuid = {257D1510-EFBE-4415-AB25-47DD742C606C}
	EndGlobalSection
EndGlobal
